
Microsoft Visual Studio Solution File, Format Version 12.00
# Visual Studio 15
VisualStudioVersion = 15.0.27703.2035
MinimumVisualStudioVersion = 10.0.40219.1
Project("{9A19103F-16F7-4668-BE54-9A1E7A4F7556}") = "Baasic.Client", "Baasic.Client\Baasic.Client.csproj", "{DAB61A64-FD9D-4575-BA22-46F86ED61768}"
EndProject
Project("{9A19103F-16F7-4668-BE54-9A1E7A4F7556}") = "Baasic.Client.AutoFac", "Baasic.Client.AutoFac\Baasic.Client.AutoFac.csproj", "{9A3CA349-A0C9-4BDA-BEFC-E924D20243C1}"
EndProject
Project("{9A19103F-16F7-4668-BE54-9A1E7A4F7556}") = "Baasic.Client.Common", "Baasic.Client.Common\Baasic.Client.Common.csproj", "{EB532BAF-5D6A-43D3-8EA0-331D934C993F}"
EndProject
Project("{9A19103F-16F7-4668-BE54-9A1E7A4F7556}") = "Baasic.Client.Model", "Baasic.Client.Model\Baasic.Client.Model.csproj", "{797426D1-F402-486B-A713-EB9F027A9C19}"
EndProject
Project("{9A19103F-16F7-4668-BE54-9A1E7A4F7556}") = "Baasic.Client.Ninject", "Baasic.Client.Ninject\Baasic.Client.Ninject.csproj", "{D1D87074-88CF-4D38-8FFA-62FD6CA18810}"
EndProject
Project("{9A19103F-16F7-4668-BE54-9A1E7A4F7556}") = "Baasic.Client.Test", "Baasic.Client.Test\Baasic.Client.Test.csproj", "{BD46E08E-267D-4CF4-A976-3C49F8A26959}"
EndProject
Project("{9A19103F-16F7-4668-BE54-9A1E7A4F7556}") = "Baasic.Client.WebHost", "Baasic.Client.WebHost\Baasic.Client.WebHost.csproj", "{A09774DA-719F-424B-B834-E25E89F9EEAC}"
EndProject
Project("{2150E333-8FDC-42A3-9474-1A3956D46DE8}") = "Solution Items", "Solution Items", "{05F4940F-B00B-47FC-B398-73BCF40E43A5}"
	ProjectSection(SolutionItems) = preProject
		Directory.Build.props = Directory.Build.props
	EndProjectSection
EndProject
Global
	GlobalSection(SolutionConfigurationPlatforms) = preSolution
		Debug|Any CPU = Debug|Any CPU
		Release|Any CPU = Release|Any CPU
	EndGlobalSection
	GlobalSection(ProjectConfigurationPlatforms) = postSolution
		{DAB61A64-FD9D-4575-BA22-46F86ED61768}.Debug|Any CPU.ActiveCfg = Debug|Any CPU
		{DAB61A64-FD9D-4575-BA22-46F86ED61768}.Debug|Any CPU.Build.0 = Debug|Any CPU
		{DAB61A64-FD9D-4575-BA22-46F86ED61768}.Release|Any CPU.ActiveCfg = Release|Any CPU
		{DAB61A64-FD9D-4575-BA22-46F86ED61768}.Release|Any CPU.Build.0 = Release|Any CPU
		{9A3CA349-A0C9-4BDA-BEFC-E924D20243C1}.Debug|Any CPU.ActiveCfg = Debug|Any CPU
		{9A3CA349-A0C9-4BDA-BEFC-E924D20243C1}.Debug|Any CPU.Build.0 = Debug|Any CPU
		{9A3CA349-A0C9-4BDA-BEFC-E924D20243C1}.Release|Any CPU.ActiveCfg = Release|Any CPU
		{9A3CA349-A0C9-4BDA-BEFC-E924D20243C1}.Release|Any CPU.Build.0 = Release|Any CPU
		{EB532BAF-5D6A-43D3-8EA0-331D934C993F}.Debug|Any CPU.ActiveCfg = Debug|Any CPU
		{EB532BAF-5D6A-43D3-8EA0-331D934C993F}.Debug|Any CPU.Build.0 = Debug|Any CPU
		{EB532BAF-5D6A-43D3-8EA0-331D934C993F}.Release|Any CPU.ActiveCfg = Release|Any CPU
		{EB532BAF-5D6A-43D3-8EA0-331D934C993F}.Release|Any CPU.Build.0 = Release|Any CPU
		{797426D1-F402-486B-A713-EB9F027A9C19}.Debug|Any CPU.ActiveCfg = Debug|Any CPU
		{797426D1-F402-486B-A713-EB9F027A9C19}.Debug|Any CPU.Build.0 = Debug|Any CPU
		{797426D1-F402-486B-A713-EB9F027A9C19}.Release|Any CPU.ActiveCfg = Release|Any CPU
		{797426D1-F402-486B-A713-EB9F027A9C19}.Release|Any CPU.Build.0 = Release|Any CPU
		{D1D87074-88CF-4D38-8FFA-62FD6CA18810}.Debug|Any CPU.ActiveCfg = Debug|Any CPU
		{D1D87074-88CF-4D38-8FFA-62FD6CA18810}.Debug|Any CPU.Build.0 = Debug|Any CPU
		{D1D87074-88CF-4D38-8FFA-62FD6CA18810}.Release|Any CPU.ActiveCfg = Release|Any CPU
		{D1D87074-88CF-4D38-8FFA-62FD6CA18810}.Release|Any CPU.Build.0 = Release|Any CPU
		{BD46E08E-267D-4CF4-A976-3C49F8A26959}.Debug|Any CPU.ActiveCfg = Debug|Any CPU
		{BD46E08E-267D-4CF4-A976-3C49F8A26959}.Debug|Any CPU.Build.0 = Debug|Any CPU
		{BD46E08E-267D-4CF4-A976-3C49F8A26959}.Release|Any CPU.ActiveCfg = Release|Any CPU
		{BD46E08E-267D-4CF4-A976-3C49F8A26959}.Release|Any CPU.Build.0 = Release|Any CPU
		{A09774DA-719F-424B-B834-E25E89F9EEAC}.Debug|Any CPU.ActiveCfg = Debug|Any CPU
		{A09774DA-719F-424B-B834-E25E89F9EEAC}.Debug|Any CPU.Build.0 = Debug|Any CPU
		{A09774DA-719F-424B-B834-E25E89F9EEAC}.Release|Any CPU.ActiveCfg = Release|Any CPU
		{A09774DA-719F-424B-B834-E25E89F9EEAC}.Release|Any CPU.Build.0 = Release|Any CPU
	EndGlobalSection
	GlobalSection(SolutionProperties) = preSolution
		HideSolutionNode = FALSE
	EndGlobalSection
	GlobalSection(ExtensibilityGlobals) = postSolution
		SolutionGuid = {63052FC5-17BE-4E27-A2F8-0B0873F4FFD9}
	EndGlobalSection
EndGlobal
